
Microsoft Visual Studio Solution File, Format Version 12.00
# Visual Studio Version 17
VisualStudioVersion = 17.0.32014.148
MinimumVisualStudioVersion = 10.0.40219.1
Project("{FAE04EC0-301F-11D3-BF4B-00C04F79EFBC}") = "AzureBlobStorageImplementation", "AzureBlobStorageImplementation\AzureBlobStorageImplementation.csproj", "{63E56A5B-4C81-4620-AF9B-1E459AB0248E}"
EndProject
Global
	GlobalSection(SolutionConfigurationPlatforms) = preSolution
		Debug|Any CPU = Debug|Any CPU
		Release|Any CPU = Release|Any CPU
	EndGlobalSection
	GlobalSection(ProjectConfigurationPlatforms) = postSolution
		{63E56A5B-4C81-4620-AF9B-1E459AB0248E}.Debug|Any CPU.ActiveCfg = Debug|Any CPU
		{63E56A5B-4C81-4620-AF9B-1E459AB0248E}.Debug|Any CPU.Build.0 = Debug|Any CPU
		{63E56A5B-4C81-4620-AF9B-1E459AB0248E}.Release|Any CPU.ActiveCfg = Release|Any CPU
		{63E56A5B-4C81-4620-AF9B-1E459AB0248E}.Release|Any CPU.Build.0 = Release|Any CPU
	EndGlobalSection
	GlobalSection(SolutionProperties) = preSolution
		HideSolutionNode = FALSE
	EndGlobalSection
	GlobalSection(ExtensibilityGlobals) = postSolution
		SolutionGuid = {4435DB6A-364C-4ED8-9F8E-B996CB3D50BE}
	EndGlobalSection
EndGlobal
